
Microsoft Visual Studio Solution File, Format Version 12.00
# Visual Studio Version 16
VisualStudioVersion = 16.0.31205.134
MinimumVisualStudioVersion = 10.0.40219.1
Project("{FAE04EC0-301F-11D3-BF4B-00C04F79EFBC}") = "Labs-LIPO", "Labs-LIPO.csproj", "{C78DCD1B-BB94-4BE4-B8A3-EECAF2C61400}"
EndProject
Global
	GlobalSection(SolutionConfigurationPlatforms) = preSolution
		Debug|Any CPU = Debug|Any CPU
		Release|Any CPU = Release|Any CPU
	EndGlobalSection
	GlobalSection(ProjectConfigurationPlatforms) = postSolution
		{C78DCD1B-BB94-4BE4-B8A3-EECAF2C61400}.Debug|Any CPU.ActiveCfg = Debug|Any CPU
		{C78DCD1B-BB94-4BE4-B8A3-EECAF2C61400}.Debug|Any CPU.Build.0 = Debug|Any CPU
		{C78DCD1B-BB94-4BE4-B8A3-EECAF2C61400}.Release|Any CPU.ActiveCfg = Release|Any CPU
		{C78DCD1B-BB94-4BE4-B8A3-EECAF2C61400}.Release|Any CPU.Build.0 = Release|Any CPU
	EndGlobalSection
	GlobalSection(SolutionProperties) = preSolution
		HideSolutionNode = FALSE
	EndGlobalSection
	GlobalSection(ExtensibilityGlobals) = postSolution
		SolutionGuid = {77E101E6-F404-4ACB-ABFE-1142B67066C6}
	EndGlobalSection
EndGlobal
